
Microsoft Visual Studio Solution File, Format Version 12.00
# Visual Studio Version 17
VisualStudioVersion = 17.0.31410.414
MinimumVisualStudioVersion = 10.0.40219.1
Project("{FAE04EC0-301F-11D3-BF4B-00C04F79EFBC}") = "FiveM", "FiveM\FiveM.csproj", "{9C37329C-A209-4E8F-B8F4-C51B962B9DA4}"
EndProject
Project("{FAE04EC0-301F-11D3-BF4B-00C04F79EFBC}") = "FiveMServer", "FiveMServer\FiveMServer.csproj", "{EAA634FF-039A-4A76-B1B3-9426125A0702}"
EndProject
Global
	GlobalSection(SolutionConfigurationPlatforms) = preSolution
		Debug|Any CPU = Debug|Any CPU
		Release|Any CPU = Release|Any CPU
	EndGlobalSection
	GlobalSection(ProjectConfigurationPlatforms) = postSolution
		{9C37329C-A209-4E8F-B8F4-C51B962B9DA4}.Debug|Any CPU.ActiveCfg = Debug|Any CPU
		{9C37329C-A209-4E8F-B8F4-C51B962B9DA4}.Debug|Any CPU.Build.0 = Debug|Any CPU
		{9C37329C-A209-4E8F-B8F4-C51B962B9DA4}.Release|Any CPU.ActiveCfg = Release|Any CPU
		{9C37329C-A209-4E8F-B8F4-C51B962B9DA4}.Release|Any CPU.Build.0 = Release|Any CPU
		{EAA634FF-039A-4A76-B1B3-9426125A0702}.Debug|Any CPU.ActiveCfg = Debug|Any CPU
		{EAA634FF-039A-4A76-B1B3-9426125A0702}.Debug|Any CPU.Build.0 = Debug|Any CPU
		{EAA634FF-039A-4A76-B1B3-9426125A0702}.Release|Any CPU.ActiveCfg = Release|Any CPU
		{EAA634FF-039A-4A76-B1B3-9426125A0702}.Release|Any CPU.Build.0 = Release|Any CPU
	EndGlobalSection
	GlobalSection(SolutionProperties) = preSolution
		HideSolutionNode = FALSE
	EndGlobalSection
	GlobalSection(ExtensibilityGlobals) = postSolution
		SolutionGuid = {7B265EF6-0500-4A4D-A212-923C847A7DC3}
	EndGlobalSection
EndGlobal
